// !$*UTF8*$!
{
	archiveVersion = 1;
	classes = {
	};
	objectVersion = 56;
	objects = {

/* Begin PBXBuildFile section */
		7D92B79A2C4E6B8B0000EEB0 /* AppDelegate.swift in Sources */ = {isa = PBXBuildFile; fileRef = 7D92B7992C4E6B8B0000EEB0 /* AppDelegate.swift */; };
		7D92B79C2C4E6B8B0000EEB0 /* SceneDelegate.swift in Sources */ = {isa = PBXBuildFile; fileRef = 7D92B79B2C4E6B8B0000EEB0 /* SceneDelegate.swift */; };
		7D92B79E2C4E6B8B0000EEB0 /* ViewController.swift in Sources */ = {isa = PBXBuildFile; fileRef = 7D92B79D2C4E6B8B0000EEB0 /* ViewController.swift */; };
		7D92B7A12C4E6B8B0000EEB0 /* Base in Resources */ = {isa = PBXBuildFile; fileRef = 7D92B7A02C4E6B8B0000EEB0 /* Base */; };
		7D92B7A32C4E6B8D0000EEB0 /* Assets.xcassets in Resources */ = {isa = PBXBuildFile; fileRef = 7D92B7A22C4E6B8D0000EEB0 /* Assets.xcassets */; };
		7D92B7A62C4E6B8D0000EEB0 /* Base in Resources */ = {isa = PBXBuildFile; fileRef = 7D92B7A52C4E6B8D0000EEB0 /* Base */; };
		7D92B7B52C4E6C7B0000EEB0 /* .gitignore in Resources */ = {isa = PBXBuildFile; fileRef = 7D92B7B42C4E6C7B0000EEB0 /* .gitignore */; };
		7D92B7B72C4E6C8F0000EEB0 /* APIKey.swift in Sources */ = {isa = PBXBuildFile; fileRef = 7D92B7B62C4E6C8F0000EEB0 /* APIKey.swift */; };
		7D92B7B92C4E6C990000EEB0 /* APIURL.swift in Sources */ = {isa = PBXBuildFile; fileRef = 7D92B7B82C4E6C990000EEB0 /* APIURL.swift */; };
		7D92B7BB2C4E6DB10000EEB0 /* Colors.xcassets in Resources */ = {isa = PBXBuildFile; fileRef = 7D92B7BA2C4E6DB10000EEB0 /* Colors.xcassets */; };
		7D92B7BE2C4E6FAF0000EEB0 /* NameSpace.swift in Sources */ = {isa = PBXBuildFile; fileRef = 7D92B7BD2C4E6FAF0000EEB0 /* NameSpace.swift */; };
		7D92B7C32C4E743E0000EEB0 /* APIFetcher.swift in Sources */ = {isa = PBXBuildFile; fileRef = 7D92B7C22C4E743E0000EEB0 /* APIFetcher.swift */; };
		7D92B7C52C4E74A60000EEB0 /* NetworkRequest.swift in Sources */ = {isa = PBXBuildFile; fileRef = 7D92B7C42C4E74A60000EEB0 /* NetworkRequest.swift */; };
		7D92B7C82C4E74E80000EEB0 /* RequestError.swift in Sources */ = {isa = PBXBuildFile; fileRef = 7D92B7C72C4E74E80000EEB0 /* RequestError.swift */; };
		7D92B7D12C4E82050000EEB0 /* SearchPhoto.swift in Sources */ = {isa = PBXBuildFile; fileRef = 7D92B7D02C4E82040000EEB0 /* SearchPhoto.swift */; };
		7D92B7D52C4E86330000EEB0 /* OnboardingViewController.swift in Sources */ = {isa = PBXBuildFile; fileRef = 7D92B7D42C4E86330000EEB0 /* OnboardingViewController.swift */; };
		7D92B7D82C4E87390000EEB0 /* BaseView.swift in Sources */ = {isa = PBXBuildFile; fileRef = 7D92B7D72C4E87390000EEB0 /* BaseView.swift */; };
		7D92B7DC2C4E877F0000EEB0 /* UIView++.swift in Sources */ = {isa = PBXBuildFile; fileRef = 7D92B7DB2C4E877F0000EEB0 /* UIView++.swift */; };
		7D92B7DE2C4E88690000EEB0 /* OnboardingView.swift in Sources */ = {isa = PBXBuildFile; fileRef = 7D92B7DD2C4E88690000EEB0 /* OnboardingView.swift */; };
		7D92B7E12C4E8A100000EEB0 /* SnapKit in Frameworks */ = {isa = PBXBuildFile; productRef = 7D92B7E02C4E8A100000EEB0 /* SnapKit */; };
		7D92B7E42C4E8A1A0000EEB0 /* Toast in Frameworks */ = {isa = PBXBuildFile; productRef = 7D92B7E32C4E8A1A0000EEB0 /* Toast */; };
		7D92B7E72C4E8AB00000EEB0 /* MainNormalButton.swift in Sources */ = {isa = PBXBuildFile; fileRef = 7D92B7E62C4E8AB00000EEB0 /* MainNormalButton.swift */; };
		7D92B7E92C4E8B720000EEB0 /* UIViewController++.swift in Sources */ = {isa = PBXBuildFile; fileRef = 7D92B7E82C4E8B720000EEB0 /* UIViewController++.swift */; };
		7D92B7EC2C4E8D580000EEB0 /* NicknameSettingViewController.swift in Sources */ = {isa = PBXBuildFile; fileRef = 7D92B7EB2C4E8D580000EEB0 /* NicknameSettingViewController.swift */; };
		7D92B7EF2C4E8DDB0000EEB0 /* NicknameSettingView.swift in Sources */ = {isa = PBXBuildFile; fileRef = 7D92B7EE2C4E8DDB0000EEB0 /* NicknameSettingView.swift */; };
		7D92B7F22C4E8E7C0000EEB0 /* ProfileCircleView.swift in Sources */ = {isa = PBXBuildFile; fileRef = 7D92B7F12C4E8E7C0000EEB0 /* ProfileCircleView.swift */; };
		7D92B7F52C4E90450000EEB0 /* NormalTextFieldView.swift in Sources */ = {isa = PBXBuildFile; fileRef = 7D92B7F42C4E90450000EEB0 /* NormalTextFieldView.swift */; };
		7D92B7F72C4E90650000EEB0 /* Separator.swift in Sources */ = {isa = PBXBuildFile; fileRef = 7D92B7F62C4E90650000EEB0 /* Separator.swift */; };
		7D92B7F92C4E90DC0000EEB0 /* UITextField++.swift in Sources */ = {isa = PBXBuildFile; fileRef = 7D92B7F82C4E90DC0000EEB0 /* UITextField++.swift */; };
		7D92B7FD2C4E92F90000EEB0 /* Enums.swift in Sources */ = {isa = PBXBuildFile; fileRef = 7D92B7FC2C4E92F90000EEB0 /* Enums.swift */; };
		7D92B8002C4E93320000EEB0 /* NicknameSettingViewModel.swift in Sources */ = {isa = PBXBuildFile; fileRef = 7D92B7FF2C4E93320000EEB0 /* NicknameSettingViewModel.swift */; };
		7D92B8032C4E93710000EEB0 /* Observable.swift in Sources */ = {isa = PBXBuildFile; fileRef = 7D92B8022C4E93710000EEB0 /* Observable.swift */; };
		7D92B8052C4E94010000EEB0 /* NicknameInputError.swift in Sources */ = {isa = PBXBuildFile; fileRef = 7D92B8042C4E94010000EEB0 /* NicknameInputError.swift */; };
		7D9D1A842C4FE6A4004FD89A /* BaseRepository.swift in Sources */ = {isa = PBXBuildFile; fileRef = 7D9D1A832C4FE6A4004FD89A /* BaseRepository.swift */; };
		7D9D1A862C4FE77B004FD89A /* UserInfoRepository.swift in Sources */ = {isa = PBXBuildFile; fileRef = 7D9D1A852C4FE77B004FD89A /* UserInfoRepository.swift */; };
		7D9D1A882C4FE81B004FD89A /* LikedPhotoInfoRepository.swift in Sources */ = {isa = PBXBuildFile; fileRef = 7D9D1A872C4FE81B004FD89A /* LikedPhotoInfoRepository.swift */; };
		7D9D1A8D2C4FFDFE004FD89A /* ProfileImageSettingViewController.swift in Sources */ = {isa = PBXBuildFile; fileRef = 7D9D1A8C2C4FFDFE004FD89A /* ProfileImageSettingViewController.swift */; };
		7D9D1A8F2C4FFE28004FD89A /* ProfileImageSettingView.swift in Sources */ = {isa = PBXBuildFile; fileRef = 7D9D1A8E2C4FFE28004FD89A /* ProfileImageSettingView.swift */; };
		7D9D1A912C4FFF94004FD89A /* Utilfunc.swift in Sources */ = {isa = PBXBuildFile; fileRef = 7D9D1A902C4FFF94004FD89A /* Utilfunc.swift */; };
		7D9D1A942C500171004FD89A /* ProfileImageCollectionViewCell.swift in Sources */ = {isa = PBXBuildFile; fileRef = 7D9D1A932C500171004FD89A /* ProfileImageCollectionViewCell.swift */; };
		7D9D1A972C5001D5004FD89A /* ProfileImageSettingViewModel.swift in Sources */ = {isa = PBXBuildFile; fileRef = 7D9D1A962C5001D5004FD89A /* ProfileImageSettingViewModel.swift */; };
		7DCDB1FC2C4F9BF20055CBF3 /* UserInfo.swift in Sources */ = {isa = PBXBuildFile; fileRef = 7DCDB1FB2C4F9BF20055CBF3 /* UserInfo.swift */; };
		7DCDB1FF2C4FD0EA0055CBF3 /* RealmSwift in Frameworks */ = {isa = PBXBuildFile; productRef = 7DCDB1FE2C4FD0EA0055CBF3 /* RealmSwift */; };
/* End PBXBuildFile section */

/* Begin PBXFileReference section */
		7D92B7962C4E6B8B0000EEB0 /* PinMyPic.app */ = {isa = PBXFileReference; explicitFileType = wrapper.application; includeInIndex = 0; path = PinMyPic.app; sourceTree = BUILT_PRODUCTS_DIR; };
		7D92B7992C4E6B8B0000EEB0 /* AppDelegate.swift */ = {isa = PBXFileReference; lastKnownFileType = sourcecode.swift; path = AppDelegate.swift; sourceTree = "<group>"; };
		7D92B79B2C4E6B8B0000EEB0 /* SceneDelegate.swift */ = {isa = PBXFileReference; lastKnownFileType = sourcecode.swift; path = SceneDelegate.swift; sourceTree = "<group>"; };
		7D92B79D2C4E6B8B0000EEB0 /* ViewController.swift */ = {isa = PBXFileReference; lastKnownFileType = sourcecode.swift; path = ViewController.swift; sourceTree = "<group>"; };
		7D92B7A02C4E6B8B0000EEB0 /* Base */ = {isa = PBXFileReference; lastKnownFileType = file.storyboard; name = Base; path = Base.lproj/Main.storyboard; sourceTree = "<group>"; };
		7D92B7A22C4E6B8D0000EEB0 /* Assets.xcassets */ = {isa = PBXFileReference; lastKnownFileType = folder.assetcatalog; path = Assets.xcassets; sourceTree = "<group>"; };
		7D92B7A52C4E6B8D0000EEB0 /* Base */ = {isa = PBXFileReference; lastKnownFileType = file.storyboard; name = Base; path = Base.lproj/LaunchScreen.storyboard; sourceTree = "<group>"; };
		7D92B7A72C4E6B8D0000EEB0 /* Info.plist */ = {isa = PBXFileReference; lastKnownFileType = text.plist.xml; path = Info.plist; sourceTree = "<group>"; };
		7D92B7B42C4E6C7B0000EEB0 /* .gitignore */ = {isa = PBXFileReference; lastKnownFileType = text; path = .gitignore; sourceTree = "<group>"; };
		7D92B7B62C4E6C8F0000EEB0 /* APIKey.swift */ = {isa = PBXFileReference; lastKnownFileType = sourcecode.swift; path = APIKey.swift; sourceTree = "<group>"; };
		7D92B7B82C4E6C990000EEB0 /* APIURL.swift */ = {isa = PBXFileReference; lastKnownFileType = sourcecode.swift; path = APIURL.swift; sourceTree = "<group>"; };
		7D92B7BA2C4E6DB10000EEB0 /* Colors.xcassets */ = {isa = PBXFileReference; lastKnownFileType = folder.assetcatalog; path = Colors.xcassets; sourceTree = "<group>"; };
		7D92B7BD2C4E6FAF0000EEB0 /* NameSpace.swift */ = {isa = PBXFileReference; lastKnownFileType = sourcecode.swift; path = NameSpace.swift; sourceTree = "<group>"; };
		7D92B7C22C4E743E0000EEB0 /* APIFetcher.swift */ = {isa = PBXFileReference; lastKnownFileType = sourcecode.swift; path = APIFetcher.swift; sourceTree = "<group>"; };
		7D92B7C42C4E74A60000EEB0 /* NetworkRequest.swift */ = {isa = PBXFileReference; lastKnownFileType = sourcecode.swift; path = NetworkRequest.swift; sourceTree = "<group>"; };
		7D92B7C72C4E74E80000EEB0 /* RequestError.swift */ = {isa = PBXFileReference; lastKnownFileType = sourcecode.swift; path = RequestError.swift; sourceTree = "<group>"; };
		7D92B7D02C4E82040000EEB0 /* SearchPhoto.swift */ = {isa = PBXFileReference; lastKnownFileType = sourcecode.swift; path = SearchPhoto.swift; sourceTree = "<group>"; };
		7D92B7D42C4E86330000EEB0 /* OnboardingViewController.swift */ = {isa = PBXFileReference; lastKnownFileType = sourcecode.swift; path = OnboardingViewController.swift; sourceTree = "<group>"; };
		7D92B7D72C4E87390000EEB0 /* BaseView.swift */ = {isa = PBXFileReference; lastKnownFileType = sourcecode.swift; path = BaseView.swift; sourceTree = "<group>"; };
		7D92B7DB2C4E877F0000EEB0 /* UIView++.swift */ = {isa = PBXFileReference; lastKnownFileType = sourcecode.swift; path = "UIView++.swift"; sourceTree = "<group>"; };
		7D92B7DD2C4E88690000EEB0 /* OnboardingView.swift */ = {isa = PBXFileReference; lastKnownFileType = sourcecode.swift; path = OnboardingView.swift; sourceTree = "<group>"; };
		7D92B7E62C4E8AB00000EEB0 /* MainNormalButton.swift */ = {isa = PBXFileReference; lastKnownFileType = sourcecode.swift; path = MainNormalButton.swift; sourceTree = "<group>"; };
		7D92B7E82C4E8B720000EEB0 /* UIViewController++.swift */ = {isa = PBXFileReference; lastKnownFileType = sourcecode.swift; path = "UIViewController++.swift"; sourceTree = "<group>"; };
		7D92B7EB2C4E8D580000EEB0 /* NicknameSettingViewController.swift */ = {isa = PBXFileReference; lastKnownFileType = sourcecode.swift; path = NicknameSettingViewController.swift; sourceTree = "<group>"; };
		7D92B7EE2C4E8DDB0000EEB0 /* NicknameSettingView.swift */ = {isa = PBXFileReference; lastKnownFileType = sourcecode.swift; path = NicknameSettingView.swift; sourceTree = "<group>"; };
		7D92B7F12C4E8E7C0000EEB0 /* ProfileCircleView.swift */ = {isa = PBXFileReference; lastKnownFileType = sourcecode.swift; path = ProfileCircleView.swift; sourceTree = "<group>"; };
		7D92B7F42C4E90450000EEB0 /* NormalTextFieldView.swift */ = {isa = PBXFileReference; lastKnownFileType = sourcecode.swift; path = NormalTextFieldView.swift; sourceTree = "<group>"; };
		7D92B7F62C4E90650000EEB0 /* Separator.swift */ = {isa = PBXFileReference; lastKnownFileType = sourcecode.swift; path = Separator.swift; sourceTree = "<group>"; };
		7D92B7F82C4E90DC0000EEB0 /* UITextField++.swift */ = {isa = PBXFileReference; lastKnownFileType = sourcecode.swift; path = "UITextField++.swift"; sourceTree = "<group>"; };
		7D92B7FC2C4E92F90000EEB0 /* Enums.swift */ = {isa = PBXFileReference; lastKnownFileType = sourcecode.swift; path = Enums.swift; sourceTree = "<group>"; };
		7D92B7FF2C4E93320000EEB0 /* NicknameSettingViewModel.swift */ = {isa = PBXFileReference; lastKnownFileType = sourcecode.swift; path = NicknameSettingViewModel.swift; sourceTree = "<group>"; };
		7D92B8022C4E93710000EEB0 /* Observable.swift */ = {isa = PBXFileReference; lastKnownFileType = sourcecode.swift; path = Observable.swift; sourceTree = "<group>"; };
		7D92B8042C4E94010000EEB0 /* NicknameInputError.swift */ = {isa = PBXFileReference; lastKnownFileType = sourcecode.swift; path = NicknameInputError.swift; sourceTree = "<group>"; };
		7D9D1A832C4FE6A4004FD89A /* BaseRepository.swift */ = {isa = PBXFileReference; lastKnownFileType = sourcecode.swift; path = BaseRepository.swift; sourceTree = "<group>"; };
		7D9D1A852C4FE77B004FD89A /* UserInfoRepository.swift */ = {isa = PBXFileReference; lastKnownFileType = sourcecode.swift; path = UserInfoRepository.swift; sourceTree = "<group>"; };
		7D9D1A872C4FE81B004FD89A /* LikedPhotoInfoRepository.swift */ = {isa = PBXFileReference; lastKnownFileType = sourcecode.swift; path = LikedPhotoInfoRepository.swift; sourceTree = "<group>"; };
		7D9D1A8C2C4FFDFE004FD89A /* ProfileImageSettingViewController.swift */ = {isa = PBXFileReference; lastKnownFileType = sourcecode.swift; path = ProfileImageSettingViewController.swift; sourceTree = "<group>"; };
		7D9D1A8E2C4FFE28004FD89A /* ProfileImageSettingView.swift */ = {isa = PBXFileReference; lastKnownFileType = sourcecode.swift; path = ProfileImageSettingView.swift; sourceTree = "<group>"; };
		7D9D1A902C4FFF94004FD89A /* Utilfunc.swift */ = {isa = PBXFileReference; lastKnownFileType = sourcecode.swift; path = Utilfunc.swift; sourceTree = "<group>"; };
		7D9D1A932C500171004FD89A /* ProfileImageCollectionViewCell.swift */ = {isa = PBXFileReference; lastKnownFileType = sourcecode.swift; path = ProfileImageCollectionViewCell.swift; sourceTree = "<group>"; };
		7D9D1A962C5001D5004FD89A /* ProfileImageSettingViewModel.swift */ = {isa = PBXFileReference; lastKnownFileType = sourcecode.swift; path = ProfileImageSettingViewModel.swift; sourceTree = "<group>"; };
		7DCDB1FB2C4F9BF20055CBF3 /* UserInfo.swift */ = {isa = PBXFileReference; lastKnownFileType = sourcecode.swift; path = UserInfo.swift; sourceTree = "<group>"; };
/* End PBXFileReference section */

/* Begin PBXFrameworksBuildPhase section */
		7D92B7932C4E6B8B0000EEB0 /* Frameworks */ = {
			isa = PBXFrameworksBuildPhase;
			buildActionMask = 2147483647;
			files = (
				7DCDB1FF2C4FD0EA0055CBF3 /* RealmSwift in Frameworks */,
				7D92B7E42C4E8A1A0000EEB0 /* Toast in Frameworks */,
				7D92B7E12C4E8A100000EEB0 /* SnapKit in Frameworks */,
			);
			runOnlyForDeploymentPostprocessing = 0;
		};
/* End PBXFrameworksBuildPhase section */

/* Begin PBXGroup section */
		7D92B78D2C4E6B8B0000EEB0 = {
			isa = PBXGroup;
			children = (
				7D92B7B42C4E6C7B0000EEB0 /* .gitignore */,
				7D92B7982C4E6B8B0000EEB0 /* PinMyPic */,
				7D92B7972C4E6B8B0000EEB0 /* Products */,
			);
			sourceTree = "<group>";
		};
		7D92B7972C4E6B8B0000EEB0 /* Products */ = {
			isa = PBXGroup;
			children = (
				7D92B7962C4E6B8B0000EEB0 /* PinMyPic.app */,
			);
			name = Products;
			sourceTree = "<group>";
		};
		7D92B7982C4E6B8B0000EEB0 /* PinMyPic */ = {
			isa = PBXGroup;
			children = (
				7D92B7BF2C4E73C30000EEB0 /* Database */,
				7D92B7B32C4E6C490000EEB0 /* Networking */,
				7D92B7B22C4E6C3D0000EEB0 /* API */,
				7D92B7B12C4E6C340000EEB0 /* Resources */,
				7D92B7B02C4E6C2D0000EEB0 /* Common */,
				7D92B7AF2C4E6C270000EEB0 /* Extension */,
				7D92B7AE2C4E6C1C0000EEB0 /* Components */,
				7D92B7AD2C4E6C130000EEB0 /* Pages */,
				7D92B7992C4E6B8B0000EEB0 /* AppDelegate.swift */,
				7D92B79B2C4E6B8B0000EEB0 /* SceneDelegate.swift */,
				7D92B79D2C4E6B8B0000EEB0 /* ViewController.swift */,
				7D92B79F2C4E6B8B0000EEB0 /* Main.storyboard */,
				7D92B7A42C4E6B8D0000EEB0 /* LaunchScreen.storyboard */,
				7D92B7A72C4E6B8D0000EEB0 /* Info.plist */,
			);
			path = PinMyPic;
			sourceTree = "<group>";
		};
		7D92B7AD2C4E6C130000EEB0 /* Pages */ = {
			isa = PBXGroup;
			children = (
				7D92B7CC2C4E813F0000EEB0 /* SearchPhoto */,
				7D9D1A892C4FFDCA004FD89A /* ProfileImageSetting */,
				7D92B7CA2C4E81240000EEB0 /* NicknameSetting */,
				7D92B7C92C4E81110000EEB0 /* Onboarding */,
			);
			path = Pages;
			sourceTree = "<group>";
		};
		7D92B7AE2C4E6C1C0000EEB0 /* Components */ = {
			isa = PBXGroup;
			children = (
				7D92B7F32C4E90370000EEB0 /* TextField */,
				7D92B7F02C4E8E750000EEB0 /* View */,
				7D92B7E52C4E8A880000EEB0 /* Button */,
				7D92B7D62C4E872E0000EEB0 /* Base */,
			);
			path = Components;
			sourceTree = "<group>";
		};
		7D92B7AF2C4E6C270000EEB0 /* Extension */ = {
			isa = PBXGroup;
			children = (
				7D92B7DB2C4E877F0000EEB0 /* UIView++.swift */,
				7D92B7E82C4E8B720000EEB0 /* UIViewController++.swift */,
				7D92B7F82C4E90DC0000EEB0 /* UITextField++.swift */,
			);
			path = Extension;
			sourceTree = "<group>";
		};
		7D92B7B02C4E6C2D0000EEB0 /* Common */ = {
			isa = PBXGroup;
			children = (
				7D92B8012C4E93650000EEB0 /* Observe */,
				7D92B7C62C4E74D60000EEB0 /* Error */,
				7D92B7BC2C4E6FA10000EEB0 /* Files */,
			);
			path = Common;
			sourceTree = "<group>";
		};
		7D92B7B12C4E6C340000EEB0 /* Resources */ = {
			isa = PBXGroup;
			children = (
				7D92B7A22C4E6B8D0000EEB0 /* Assets.xcassets */,
				7D92B7BA2C4E6DB10000EEB0 /* Colors.xcassets */,
			);
			path = Resources;
			sourceTree = "<group>";
		};
		7D92B7B22C4E6C3D0000EEB0 /* API */ = {
			isa = PBXGroup;
			children = (
				7D92B7B62C4E6C8F0000EEB0 /* APIKey.swift */,
				7D92B7B82C4E6C990000EEB0 /* APIURL.swift */,
			);
			path = API;
			sourceTree = "<group>";
		};
		7D92B7B32C4E6C490000EEB0 /* Networking */ = {
			isa = PBXGroup;
			children = (
				7D92B7C22C4E743E0000EEB0 /* APIFetcher.swift */,
				7D92B7C42C4E74A60000EEB0 /* NetworkRequest.swift */,
			);
			path = Networking;
			sourceTree = "<group>";
		};
		7D92B7BC2C4E6FA10000EEB0 /* Files */ = {
			isa = PBXGroup;
			children = (
				7D92B7BD2C4E6FAF0000EEB0 /* NameSpace.swift */,
				7D92B7FC2C4E92F90000EEB0 /* Enums.swift */,
				7D9D1A902C4FFF94004FD89A /* Utilfunc.swift */,
			);
			path = Files;
			sourceTree = "<group>";
		};
		7D92B7BF2C4E73C30000EEB0 /* Database */ = {
			isa = PBXGroup;
			children = (
				7D92B7C12C4E73D70000EEB0 /* Repository */,
				7D92B7C02C4E73CD0000EEB0 /* Model */,
			);
			path = Database;
			sourceTree = "<group>";
		};
		7D92B7C02C4E73CD0000EEB0 /* Model */ = {
			isa = PBXGroup;
			children = (
				7DCDB1FB2C4F9BF20055CBF3 /* UserInfo.swift */,
			);
			path = Model;
			sourceTree = "<group>";
		};
		7D92B7C12C4E73D70000EEB0 /* Repository */ = {
			isa = PBXGroup;
			children = (
				7D9D1A832C4FE6A4004FD89A /* BaseRepository.swift */,
				7D9D1A852C4FE77B004FD89A /* UserInfoRepository.swift */,
				7D9D1A872C4FE81B004FD89A /* LikedPhotoInfoRepository.swift */,
			);
			path = Repository;
			sourceTree = "<group>";
		};
		7D92B7C62C4E74D60000EEB0 /* Error */ = {
			isa = PBXGroup;
			children = (
				7D92B7C72C4E74E80000EEB0 /* RequestError.swift */,
				7D92B8042C4E94010000EEB0 /* NicknameInputError.swift */,
			);
			path = Error;
			sourceTree = "<group>";
		};
		7D92B7C92C4E81110000EEB0 /* Onboarding */ = {
			isa = PBXGroup;
			children = (
				7D92B7D32C4E86280000EEB0 /* View */,
				7D92B7D22C4E861F0000EEB0 /* ViewController */,
			);
			path = Onboarding;
			sourceTree = "<group>";
		};
		7D92B7CA2C4E81240000EEB0 /* NicknameSetting */ = {
			isa = PBXGroup;
			children = (
				7D92B7FE2C4E93240000EEB0 /* ViewModel */,
				7D92B7ED2C4E8DD40000EEB0 /* View */,
				7D92B7EA2C4E8D4C0000EEB0 /* ViewController */,
			);
			path = NicknameSetting;
			sourceTree = "<group>";
		};
		7D92B7CC2C4E813F0000EEB0 /* SearchPhoto */ = {
			isa = PBXGroup;
			children = (
				7D92B7CF2C4E816C0000EEB0 /* Model */,
				7D92B7CE2C4E81650000EEB0 /* View */,
				7D92B7CD2C4E815B0000EEB0 /* ViewController */,
			);
			path = SearchPhoto;
			sourceTree = "<group>";
		};
		7D92B7CD2C4E815B0000EEB0 /* ViewController */ = {
			isa = PBXGroup;
			children = (
			);
			path = ViewController;
			sourceTree = "<group>";
		};
		7D92B7CE2C4E81650000EEB0 /* View */ = {
			isa = PBXGroup;
			children = (
			);
			path = View;
			sourceTree = "<group>";
		};
		7D92B7CF2C4E816C0000EEB0 /* Model */ = {
			isa = PBXGroup;
			children = (
				7D92B7D02C4E82040000EEB0 /* SearchPhoto.swift */,
			);
			path = Model;
			sourceTree = "<group>";
		};
		7D92B7D22C4E861F0000EEB0 /* ViewController */ = {
			isa = PBXGroup;
			children = (
				7D92B7D42C4E86330000EEB0 /* OnboardingViewController.swift */,
			);
			path = ViewController;
			sourceTree = "<group>";
		};
		7D92B7D32C4E86280000EEB0 /* View */ = {
			isa = PBXGroup;
			children = (
				7D92B7DD2C4E88690000EEB0 /* OnboardingView.swift */,
			);
			path = View;
			sourceTree = "<group>";
		};
		7D92B7D62C4E872E0000EEB0 /* Base */ = {
			isa = PBXGroup;
			children = (
				7D92B7D72C4E87390000EEB0 /* BaseView.swift */,
			);
			path = Base;
			sourceTree = "<group>";
		};
		7D92B7E52C4E8A880000EEB0 /* Button */ = {
			isa = PBXGroup;
			children = (
				7D92B7E62C4E8AB00000EEB0 /* MainNormalButton.swift */,
			);
			path = Button;
			sourceTree = "<group>";
		};
		7D92B7EA2C4E8D4C0000EEB0 /* ViewController */ = {
			isa = PBXGroup;
			children = (
				7D92B7EB2C4E8D580000EEB0 /* NicknameSettingViewController.swift */,
			);
			path = ViewController;
			sourceTree = "<group>";
		};
		7D92B7ED2C4E8DD40000EEB0 /* View */ = {
			isa = PBXGroup;
			children = (
				7D92B7EE2C4E8DDB0000EEB0 /* NicknameSettingView.swift */,
			);
			path = View;
			sourceTree = "<group>";
		};
		7D92B7F02C4E8E750000EEB0 /* View */ = {
			isa = PBXGroup;
			children = (
				7D92B7F12C4E8E7C0000EEB0 /* ProfileCircleView.swift */,
				7D92B7F62C4E90650000EEB0 /* Separator.swift */,
			);
			path = View;
			sourceTree = "<group>";
		};
		7D92B7F32C4E90370000EEB0 /* TextField */ = {
			isa = PBXGroup;
			children = (
				7D92B7F42C4E90450000EEB0 /* NormalTextFieldView.swift */,
			);
			path = TextField;
			sourceTree = "<group>";
		};
		7D92B7FE2C4E93240000EEB0 /* ViewModel */ = {
			isa = PBXGroup;
			children = (
				7D92B7FF2C4E93320000EEB0 /* NicknameSettingViewModel.swift */,
			);
			path = ViewModel;
			sourceTree = "<group>";
		};
		7D92B8012C4E93650000EEB0 /* Observe */ = {
			isa = PBXGroup;
			children = (
				7D92B8022C4E93710000EEB0 /* Observable.swift */,
			);
			path = Observe;
			sourceTree = "<group>";
		};
		7D9D1A892C4FFDCA004FD89A /* ProfileImageSetting */ = {
			isa = PBXGroup;
			children = (
				7D9D1A952C5001C6004FD89A /* ViewModel */,
				7D9D1A922C50015E004FD89A /* CollectionViewCell */,
				7D9D1A8B2C4FFDF1004FD89A /* View */,
				7D9D1A8A2C4FFDE7004FD89A /* ViewController */,
			);
			path = ProfileImageSetting;
			sourceTree = "<group>";
		};
		7D9D1A8A2C4FFDE7004FD89A /* ViewController */ = {
			isa = PBXGroup;
			children = (
				7D9D1A8C2C4FFDFE004FD89A /* ProfileImageSettingViewController.swift */,
			);
			path = ViewController;
			sourceTree = "<group>";
		};
		7D9D1A8B2C4FFDF1004FD89A /* View */ = {
			isa = PBXGroup;
			children = (
				7D9D1A8E2C4FFE28004FD89A /* ProfileImageSettingView.swift */,
			);
			path = View;
			sourceTree = "<group>";
		};
		7D9D1A922C50015E004FD89A /* CollectionViewCell */ = {
			isa = PBXGroup;
			children = (
				7D9D1A932C500171004FD89A /* ProfileImageCollectionViewCell.swift */,
			);
			path = CollectionViewCell;
			sourceTree = "<group>";
		};
		7D9D1A952C5001C6004FD89A /* ViewModel */ = {
			isa = PBXGroup;
			children = (
				7D9D1A962C5001D5004FD89A /* ProfileImageSettingViewModel.swift */,
			);
			path = ViewModel;
			sourceTree = "<group>";
		};
/* End PBXGroup section */

/* Begin PBXNativeTarget section */
		7D92B7952C4E6B8B0000EEB0 /* PinMyPic */ = {
			isa = PBXNativeTarget;
			buildConfigurationList = 7D92B7AA2C4E6B8D0000EEB0 /* Build configuration list for PBXNativeTarget "PinMyPic" */;
			buildPhases = (
				7D92B7922C4E6B8B0000EEB0 /* Sources */,
				7D92B7932C4E6B8B0000EEB0 /* Frameworks */,
				7D92B7942C4E6B8B0000EEB0 /* Resources */,
			);
			buildRules = (
			);
			dependencies = (
			);
			name = PinMyPic;
			packageProductDependencies = (
				7D92B7E02C4E8A100000EEB0 /* SnapKit */,
				7D92B7E32C4E8A1A0000EEB0 /* Toast */,
				7DCDB1FE2C4FD0EA0055CBF3 /* RealmSwift */,
			);
			productName = PinMyPic;
			productReference = 7D92B7962C4E6B8B0000EEB0 /* PinMyPic.app */;
			productType = "com.apple.product-type.application";
		};
/* End PBXNativeTarget section */

/* Begin PBXProject section */
		7D92B78E2C4E6B8B0000EEB0 /* Project object */ = {
			isa = PBXProject;
			attributes = {
				BuildIndependentTargetsInParallel = 1;
				LastSwiftUpdateCheck = 1530;
				LastUpgradeCheck = 1530;
				TargetAttributes = {
					7D92B7952C4E6B8B0000EEB0 = {
						CreatedOnToolsVersion = 15.3;
					};
				};
			};
			buildConfigurationList = 7D92B7912C4E6B8B0000EEB0 /* Build configuration list for PBXProject "PinMyPic" */;
			compatibilityVersion = "Xcode 14.0";
			developmentRegion = en;
			hasScannedForEncodings = 0;
			knownRegions = (
				en,
				Base,
			);
			mainGroup = 7D92B78D2C4E6B8B0000EEB0;
			packageReferences = (
				7D92B7DF2C4E8A0F0000EEB0 /* XCRemoteSwiftPackageReference "SnapKit" */,
				7D92B7E22C4E8A1A0000EEB0 /* XCRemoteSwiftPackageReference "Toast-Swift" */,
				7DCDB1FD2C4FD0E90055CBF3 /* XCRemoteSwiftPackageReference "realm-swift" */,
			);
			productRefGroup = 7D92B7972C4E6B8B0000EEB0 /* Products */;
			projectDirPath = "";
			projectRoot = "";
			targets = (
				7D92B7952C4E6B8B0000EEB0 /* PinMyPic */,
			);
		};
/* End PBXProject section */

/* Begin PBXResourcesBuildPhase section */
		7D92B7942C4E6B8B0000EEB0 /* Resources */ = {
			isa = PBXResourcesBuildPhase;
			buildActionMask = 2147483647;
			files = (
				7D92B7BB2C4E6DB10000EEB0 /* Colors.xcassets in Resources */,
				7D92B7B52C4E6C7B0000EEB0 /* .gitignore in Resources */,
				7D92B7A32C4E6B8D0000EEB0 /* Assets.xcassets in Resources */,
				7D92B7A62C4E6B8D0000EEB0 /* Base in Resources */,
				7D92B7A12C4E6B8B0000EEB0 /* Base in Resources */,
			);
			runOnlyForDeploymentPostprocessing = 0;
		};
/* End PBXResourcesBuildPhase section */

/* Begin PBXSourcesBuildPhase section */
		7D92B7922C4E6B8B0000EEB0 /* Sources */ = {
			isa = PBXSourcesBuildPhase;
			buildActionMask = 2147483647;
			files = (
				7D92B7D12C4E82050000EEB0 /* SearchPhoto.swift in Sources */,
				7D92B7F52C4E90450000EEB0 /* NormalTextFieldView.swift in Sources */,
				7D92B79E2C4E6B8B0000EEB0 /* ViewController.swift in Sources */,
				7D92B79A2C4E6B8B0000EEB0 /* AppDelegate.swift in Sources */,
				7D92B7D82C4E87390000EEB0 /* BaseView.swift in Sources */,
				7D9D1A8F2C4FFE28004FD89A /* ProfileImageSettingView.swift in Sources */,
				7D92B7C52C4E74A60000EEB0 /* NetworkRequest.swift in Sources */,
				7D92B7DC2C4E877F0000EEB0 /* UIView++.swift in Sources */,
				7D92B7E92C4E8B720000EEB0 /* UIViewController++.swift in Sources */,
				7D92B7B72C4E6C8F0000EEB0 /* APIKey.swift in Sources */,
				7D92B7FD2C4E92F90000EEB0 /* Enums.swift in Sources */,
				7D92B7BE2C4E6FAF0000EEB0 /* NameSpace.swift in Sources */,
				7D92B8032C4E93710000EEB0 /* Observable.swift in Sources */,
				7D92B7B92C4E6C990000EEB0 /* APIURL.swift in Sources */,
				7D9D1A842C4FE6A4004FD89A /* BaseRepository.swift in Sources */,
				7D92B7F22C4E8E7C0000EEB0 /* ProfileCircleView.swift in Sources */,
				7D9D1A8D2C4FFDFE004FD89A /* ProfileImageSettingViewController.swift in Sources */,
				7D92B7E72C4E8AB00000EEB0 /* MainNormalButton.swift in Sources */,
				7D92B79C2C4E6B8B0000EEB0 /* SceneDelegate.swift in Sources */,
				7D92B7C32C4E743E0000EEB0 /* APIFetcher.swift in Sources */,
				7D92B7EF2C4E8DDB0000EEB0 /* NicknameSettingView.swift in Sources */,
				7D92B8002C4E93320000EEB0 /* NicknameSettingViewModel.swift in Sources */,
				7D92B7D52C4E86330000EEB0 /* OnboardingViewController.swift in Sources */,
				7D9D1A972C5001D5004FD89A /* ProfileImageSettingViewModel.swift in Sources */,
				7D92B7F72C4E90650000EEB0 /* Separator.swift in Sources */,
				7D92B7EC2C4E8D580000EEB0 /* NicknameSettingViewController.swift in Sources */,
				7D92B7F92C4E90DC0000EEB0 /* UITextField++.swift in Sources */,
				7D9D1A862C4FE77B004FD89A /* UserInfoRepository.swift in Sources */,
				7D92B8052C4E94010000EEB0 /* NicknameInputError.swift in Sources */,
				7D92B7C82C4E74E80000EEB0 /* RequestError.swift in Sources */,
				7DCDB1FC2C4F9BF20055CBF3 /* UserInfo.swift in Sources */,
				7D9D1A882C4FE81B004FD89A /* LikedPhotoInfoRepository.swift in Sources */,
				7D92B7DE2C4E88690000EEB0 /* OnboardingView.swift in Sources */,
				7D9D1A942C500171004FD89A /* ProfileImageCollectionViewCell.swift in Sources */,
				7D9D1A912C4FFF94004FD89A /* Utilfunc.swift in Sources */,
			);
			runOnlyForDeploymentPostprocessing = 0;
		};
/* End PBXSourcesBuildPhase section */

/* Begin PBXVariantGroup section */
		7D92B79F2C4E6B8B0000EEB0 /* Main.storyboard */ = {
			isa = PBXVariantGroup;
			children = (
				7D92B7A02C4E6B8B0000EEB0 /* Base */,
			);
			name = Main.storyboard;
			sourceTree = "<group>";
		};
		7D92B7A42C4E6B8D0000EEB0 /* LaunchScreen.storyboard */ = {
			isa = PBXVariantGroup;
			children = (
				7D92B7A52C4E6B8D0000EEB0 /* Base */,
			);
			name = LaunchScreen.storyboard;
			sourceTree = "<group>";
		};
/* End PBXVariantGroup section */

/* Begin XCBuildConfiguration section */
		7D92B7A82C4E6B8D0000EEB0 /* Debug */ = {
			isa = XCBuildConfiguration;
			buildSettings = {
				ALWAYS_SEARCH_USER_PATHS = NO;
				ASSETCATALOG_COMPILER_GENERATE_SWIFT_ASSET_SYMBOL_EXTENSIONS = YES;
				CLANG_ANALYZER_NONNULL = YES;
				CLANG_ANALYZER_NUMBER_OBJECT_CONVERSION = YES_AGGRESSIVE;
				CLANG_CXX_LANGUAGE_STANDARD = "gnu++20";
				CLANG_ENABLE_MODULES = YES;
				CLANG_ENABLE_OBJC_ARC = YES;
				CLANG_ENABLE_OBJC_WEAK = YES;
				CLANG_WARN_BLOCK_CAPTURE_AUTORELEASING = YES;
				CLANG_WARN_BOOL_CONVERSION = YES;
				CLANG_WARN_COMMA = YES;
				CLANG_WARN_CONSTANT_CONVERSION = YES;
				CLANG_WARN_DEPRECATED_OBJC_IMPLEMENTATIONS = YES;
				CLANG_WARN_DIRECT_OBJC_ISA_USAGE = YES_ERROR;
				CLANG_WARN_DOCUMENTATION_COMMENTS = YES;
				CLANG_WARN_EMPTY_BODY = YES;
				CLANG_WARN_ENUM_CONVERSION = YES;
				CLANG_WARN_INFINITE_RECURSION = YES;
				CLANG_WARN_INT_CONVERSION = YES;
				CLANG_WARN_NON_LITERAL_NULL_CONVERSION = YES;
				CLANG_WARN_OBJC_IMPLICIT_RETAIN_SELF = YES;
				CLANG_WARN_OBJC_LITERAL_CONVERSION = YES;
				CLANG_WARN_OBJC_ROOT_CLASS = YES_ERROR;
				CLANG_WARN_QUOTED_INCLUDE_IN_FRAMEWORK_HEADER = YES;
				CLANG_WARN_RANGE_LOOP_ANALYSIS = YES;
				CLANG_WARN_STRICT_PROTOTYPES = YES;
				CLANG_WARN_SUSPICIOUS_MOVE = YES;
				CLANG_WARN_UNGUARDED_AVAILABILITY = YES_AGGRESSIVE;
				CLANG_WARN_UNREACHABLE_CODE = YES;
				CLANG_WARN__DUPLICATE_METHOD_MATCH = YES;
				COPY_PHASE_STRIP = NO;
				DEBUG_INFORMATION_FORMAT = dwarf;
				ENABLE_STRICT_OBJC_MSGSEND = YES;
				ENABLE_TESTABILITY = YES;
				ENABLE_USER_SCRIPT_SANDBOXING = YES;
				GCC_C_LANGUAGE_STANDARD = gnu17;
				GCC_DYNAMIC_NO_PIC = NO;
				GCC_NO_COMMON_BLOCKS = YES;
				GCC_OPTIMIZATION_LEVEL = 0;
				GCC_PREPROCESSOR_DEFINITIONS = (
					"DEBUG=1",
					"$(inherited)",
				);
				GCC_WARN_64_TO_32_BIT_CONVERSION = YES;
				GCC_WARN_ABOUT_RETURN_TYPE = YES_ERROR;
				GCC_WARN_UNDECLARED_SELECTOR = YES;
				GCC_WARN_UNINITIALIZED_AUTOS = YES_AGGRESSIVE;
				GCC_WARN_UNUSED_FUNCTION = YES;
				GCC_WARN_UNUSED_VARIABLE = YES;
				IPHONEOS_DEPLOYMENT_TARGET = 17.4;
				LOCALIZATION_PREFERS_STRING_CATALOGS = YES;
				MTL_ENABLE_DEBUG_INFO = INCLUDE_SOURCE;
				MTL_FAST_MATH = YES;
				ONLY_ACTIVE_ARCH = YES;
				SDKROOT = iphoneos;
				SWIFT_ACTIVE_COMPILATION_CONDITIONS = "DEBUG $(inherited)";
				SWIFT_OPTIMIZATION_LEVEL = "-Onone";
			};
			name = Debug;
		};
		7D92B7A92C4E6B8D0000EEB0 /* Release */ = {
			isa = XCBuildConfiguration;
			buildSettings = {
				ALWAYS_SEARCH_USER_PATHS = NO;
				ASSETCATALOG_COMPILER_GENERATE_SWIFT_ASSET_SYMBOL_EXTENSIONS = YES;
				CLANG_ANALYZER_NONNULL = YES;
				CLANG_ANALYZER_NUMBER_OBJECT_CONVERSION = YES_AGGRESSIVE;
				CLANG_CXX_LANGUAGE_STANDARD = "gnu++20";
				CLANG_ENABLE_MODULES = YES;
				CLANG_ENABLE_OBJC_ARC = YES;
				CLANG_ENABLE_OBJC_WEAK = YES;
				CLANG_WARN_BLOCK_CAPTURE_AUTORELEASING = YES;
				CLANG_WARN_BOOL_CONVERSION = YES;
				CLANG_WARN_COMMA = YES;
				CLANG_WARN_CONSTANT_CONVERSION = YES;
				CLANG_WARN_DEPRECATED_OBJC_IMPLEMENTATIONS = YES;
				CLANG_WARN_DIRECT_OBJC_ISA_USAGE = YES_ERROR;
				CLANG_WARN_DOCUMENTATION_COMMENTS = YES;
				CLANG_WARN_EMPTY_BODY = YES;
				CLANG_WARN_ENUM_CONVERSION = YES;
				CLANG_WARN_INFINITE_RECURSION = YES;
				CLANG_WARN_INT_CONVERSION = YES;
				CLANG_WARN_NON_LITERAL_NULL_CONVERSION = YES;
				CLANG_WARN_OBJC_IMPLICIT_RETAIN_SELF = YES;
				CLANG_WARN_OBJC_LITERAL_CONVERSION = YES;
				CLANG_WARN_OBJC_ROOT_CLASS = YES_ERROR;
				CLANG_WARN_QUOTED_INCLUDE_IN_FRAMEWORK_HEADER = YES;
				CLANG_WARN_RANGE_LOOP_ANALYSIS = YES;
				CLANG_WARN_STRICT_PROTOTYPES = YES;
				CLANG_WARN_SUSPICIOUS_MOVE = YES;
				CLANG_WARN_UNGUARDED_AVAILABILITY = YES_AGGRESSIVE;
				CLANG_WARN_UNREACHABLE_CODE = YES;
				CLANG_WARN__DUPLICATE_METHOD_MATCH = YES;
				COPY_PHASE_STRIP = NO;
				DEBUG_INFORMATION_FORMAT = "dwarf-with-dsym";
				ENABLE_NS_ASSERTIONS = NO;
				ENABLE_STRICT_OBJC_MSGSEND = YES;
				ENABLE_USER_SCRIPT_SANDBOXING = YES;
				GCC_C_LANGUAGE_STANDARD = gnu17;
				GCC_NO_COMMON_BLOCKS = YES;
				GCC_WARN_64_TO_32_BIT_CONVERSION = YES;
				GCC_WARN_ABOUT_RETURN_TYPE = YES_ERROR;
				GCC_WARN_UNDECLARED_SELECTOR = YES;
				GCC_WARN_UNINITIALIZED_AUTOS = YES_AGGRESSIVE;
				GCC_WARN_UNUSED_FUNCTION = YES;
				GCC_WARN_UNUSED_VARIABLE = YES;
				IPHONEOS_DEPLOYMENT_TARGET = 17.4;
				LOCALIZATION_PREFERS_STRING_CATALOGS = YES;
				MTL_ENABLE_DEBUG_INFO = NO;
				MTL_FAST_MATH = YES;
				SDKROOT = iphoneos;
				SWIFT_COMPILATION_MODE = wholemodule;
				VALIDATE_PRODUCT = YES;
			};
			name = Release;
		};
		7D92B7AB2C4E6B8D0000EEB0 /* Debug */ = {
			isa = XCBuildConfiguration;
			buildSettings = {
				ASSETCATALOG_COMPILER_APPICON_NAME = AppIcon;
				ASSETCATALOG_COMPILER_GLOBAL_ACCENT_COLOR_NAME = AccentColor;
				CODE_SIGN_STYLE = Automatic;
				CURRENT_PROJECT_VERSION = 1;
				DEVELOPMENT_TEAM = 5B4DDA3JD6;
				GENERATE_INFOPLIST_FILE = YES;
				INFOPLIST_FILE = PinMyPic/Info.plist;
				INFOPLIST_KEY_CFBundleDisplayName = PinMyPic;
				INFOPLIST_KEY_UIApplicationSupportsIndirectInputEvents = YES;
				INFOPLIST_KEY_UILaunchStoryboardName = LaunchScreen;
				INFOPLIST_KEY_UIMainStoryboardFile = Main;
				INFOPLIST_KEY_UISupportedInterfaceOrientations = UIInterfaceOrientationPortrait;
				INFOPLIST_KEY_UISupportedInterfaceOrientations_iPad = UIInterfaceOrientationPortrait;
				IPHONEOS_DEPLOYMENT_TARGET = 15.0;
				LD_RUNPATH_SEARCH_PATHS = (
					"$(inherited)",
					"@executable_path/Frameworks",
				);
				MARKETING_VERSION = 1.0;
				PRODUCT_BUNDLE_IDENTIFIER = com.yeonju.PinMyPic;
				PRODUCT_NAME = "$(TARGET_NAME)";
				SUPPORTED_PLATFORMS = "iphoneos iphonesimulator";
				SUPPORTS_MACCATALYST = NO;
				SUPPORTS_MAC_DESIGNED_FOR_IPHONE_IPAD = NO;
				SUPPORTS_XR_DESIGNED_FOR_IPHONE_IPAD = NO;
				SWIFT_EMIT_LOC_STRINGS = YES;
				SWIFT_VERSION = 5.0;
				TARGETED_DEVICE_FAMILY = 1;
			};
			name = Debug;
		};
		7D92B7AC2C4E6B8D0000EEB0 /* Release */ = {
			isa = XCBuildConfiguration;
			buildSettings = {
				ASSETCATALOG_COMPILER_APPICON_NAME = AppIcon;
				ASSETCATALOG_COMPILER_GLOBAL_ACCENT_COLOR_NAME = AccentColor;
				CODE_SIGN_STYLE = Automatic;
				CURRENT_PROJECT_VERSION = 1;
				DEVELOPMENT_TEAM = 5B4DDA3JD6;
				GENERATE_INFOPLIST_FILE = YES;
				INFOPLIST_FILE = PinMyPic/Info.plist;
				INFOPLIST_KEY_CFBundleDisplayName = PinMyPic;
				INFOPLIST_KEY_UIApplicationSupportsIndirectInputEvents = YES;
				INFOPLIST_KEY_UILaunchStoryboardName = LaunchScreen;
				INFOPLIST_KEY_UIMainStoryboardFile = Main;
				INFOPLIST_KEY_UISupportedInterfaceOrientations = UIInterfaceOrientationPortrait;
				INFOPLIST_KEY_UISupportedInterfaceOrientations_iPad = UIInterfaceOrientationPortrait;
				IPHONEOS_DEPLOYMENT_TARGET = 15.0;
				LD_RUNPATH_SEARCH_PATHS = (
					"$(inherited)",
					"@executable_path/Frameworks",
				);
				MARKETING_VERSION = 1.0;
				PRODUCT_BUNDLE_IDENTIFIER = com.yeonju.PinMyPic;
				PRODUCT_NAME = "$(TARGET_NAME)";
				SUPPORTED_PLATFORMS = "iphoneos iphonesimulator";
				SUPPORTS_MACCATALYST = NO;
				SUPPORTS_MAC_DESIGNED_FOR_IPHONE_IPAD = NO;
				SUPPORTS_XR_DESIGNED_FOR_IPHONE_IPAD = NO;
				SWIFT_EMIT_LOC_STRINGS = YES;
				SWIFT_VERSION = 5.0;
				TARGETED_DEVICE_FAMILY = 1;
			};
			name = Release;
		};
/* End XCBuildConfiguration section */

/* Begin XCConfigurationList section */
		7D92B7912C4E6B8B0000EEB0 /* Build configuration list for PBXProject "PinMyPic" */ = {
			isa = XCConfigurationList;
			buildConfigurations = (
				7D92B7A82C4E6B8D0000EEB0 /* Debug */,
				7D92B7A92C4E6B8D0000EEB0 /* Release */,
			);
			defaultConfigurationIsVisible = 0;
			defaultConfigurationName = Release;
		};
		7D92B7AA2C4E6B8D0000EEB0 /* Build configuration list for PBXNativeTarget "PinMyPic" */ = {
			isa = XCConfigurationList;
			buildConfigurations = (
				7D92B7AB2C4E6B8D0000EEB0 /* Debug */,
				7D92B7AC2C4E6B8D0000EEB0 /* Release */,
			);
			defaultConfigurationIsVisible = 0;
			defaultConfigurationName = Release;
		};
/* End XCConfigurationList section */

/* Begin XCRemoteSwiftPackageReference section */
		7D92B7DF2C4E8A0F0000EEB0 /* XCRemoteSwiftPackageReference "SnapKit" */ = {
			isa = XCRemoteSwiftPackageReference;
			repositoryURL = "https://github.com/SnapKit/SnapKit.git";
			requirement = {
				kind = upToNextMajorVersion;
				minimumVersion = 5.7.1;
			};
		};
		7D92B7E22C4E8A1A0000EEB0 /* XCRemoteSwiftPackageReference "Toast-Swift" */ = {
			isa = XCRemoteSwiftPackageReference;
			repositoryURL = "https://github.com/scalessec/Toast-Swift.git";
			requirement = {
				kind = upToNextMajorVersion;
				minimumVersion = 5.1.1;
			};
		};
		7DCDB1FD2C4FD0E90055CBF3 /* XCRemoteSwiftPackageReference "realm-swift" */ = {
			isa = XCRemoteSwiftPackageReference;
			repositoryURL = "https://github.com/realm/realm-swift.git";
			requirement = {
				branch = master;
				kind = branch;
			};
		};
/* End XCRemoteSwiftPackageReference section */

/* Begin XCSwiftPackageProductDependency section */
		7D92B7E02C4E8A100000EEB0 /* SnapKit */ = {
			isa = XCSwiftPackageProductDependency;
			package = 7D92B7DF2C4E8A0F0000EEB0 /* XCRemoteSwiftPackageReference "SnapKit" */;
			productName = SnapKit;
		};
		7D92B7E32C4E8A1A0000EEB0 /* Toast */ = {
			isa = XCSwiftPackageProductDependency;
			package = 7D92B7E22C4E8A1A0000EEB0 /* XCRemoteSwiftPackageReference "Toast-Swift" */;
			productName = Toast;
		};
		7DCDB1FE2C4FD0EA0055CBF3 /* RealmSwift */ = {
			isa = XCSwiftPackageProductDependency;
			package = 7DCDB1FD2C4FD0E90055CBF3 /* XCRemoteSwiftPackageReference "realm-swift" */;
			productName = RealmSwift;
		};
/* End XCSwiftPackageProductDependency section */
	};
	rootObject = 7D92B78E2C4E6B8B0000EEB0 /* Project object */;
}
